// !$*UTF8*$!
{
	archiveVersion = 1;
	classes = {
	};
	objectVersion = 56;
	objects = {

/* Begin PBXBuildFile section */
		84F1B71E2BD733D000AFD7C9 /* RoutineMeterApp.swift in Sources */ = {isa = PBXBuildFile; fileRef = 84F1B71D2BD733D000AFD7C9 /* RoutineMeterApp.swift */; };
		84F1B7202BD733D000AFD7C9 /* ContentView.swift in Sources */ = {isa = PBXBuildFile; fileRef = 84F1B71F2BD733D000AFD7C9 /* ContentView.swift */; };
		84F1B7222BD733D400AFD7C9 /* Assets.xcassets in Resources */ = {isa = PBXBuildFile; fileRef = 84F1B7212BD733D400AFD7C9 /* Assets.xcassets */; };
		84F1B7262BD733D400AFD7C9 /* Preview Assets.xcassets in Resources */ = {isa = PBXBuildFile; fileRef = 84F1B7252BD733D400AFD7C9 /* Preview Assets.xcassets */; };
		84F1B72D2BD7390600AFD7C9 /* FeedItemView.swift in Sources */ = {isa = PBXBuildFile; fileRef = 84F1B72C2BD7390600AFD7C9 /* FeedItemView.swift */; };
		84F1B7302BD9510800AFD7C9 /* Routine.swift in Sources */ = {isa = PBXBuildFile; fileRef = 84F1B72F2BD9510800AFD7C9 /* Routine.swift */; };
		84F1B7322BD9514F00AFD7C9 /* RoutineRepositoryProtocol.swift in Sources */ = {isa = PBXBuildFile; fileRef = 84F1B7312BD9514F00AFD7C9 /* RoutineRepositoryProtocol.swift */; };
		84F1B7342BD951E000AFD7C9 /* ContentStore.swift in Sources */ = {isa = PBXBuildFile; fileRef = 84F1B7332BD951E000AFD7C9 /* ContentStore.swift */; };
/* End PBXBuildFile section */

/* Begin PBXFileReference section */
		84F1B71A2BD733D000AFD7C9 /* RoutineMeter.app */ = {isa = PBXFileReference; explicitFileType = wrapper.application; includeInIndex = 0; path = RoutineMeter.app; sourceTree = BUILT_PRODUCTS_DIR; };
		84F1B71D2BD733D000AFD7C9 /* RoutineMeterApp.swift */ = {isa = PBXFileReference; lastKnownFileType = sourcecode.swift; path = RoutineMeterApp.swift; sourceTree = "<group>"; };
		84F1B71F2BD733D000AFD7C9 /* ContentView.swift */ = {isa = PBXFileReference; lastKnownFileType = sourcecode.swift; path = ContentView.swift; sourceTree = "<group>"; };
		84F1B7212BD733D400AFD7C9 /* Assets.xcassets */ = {isa = PBXFileReference; lastKnownFileType = folder.assetcatalog; path = Assets.xcassets; sourceTree = "<group>"; };
		84F1B7232BD733D400AFD7C9 /* RoutineMeter.entitlements */ = {isa = PBXFileReference; lastKnownFileType = text.plist.entitlements; path = RoutineMeter.entitlements; sourceTree = "<group>"; };
		84F1B7252BD733D400AFD7C9 /* Preview Assets.xcassets */ = {isa = PBXFileReference; lastKnownFileType = folder.assetcatalog; path = "Preview Assets.xcassets"; sourceTree = "<group>"; };
		84F1B72C2BD7390600AFD7C9 /* FeedItemView.swift */ = {isa = PBXFileReference; lastKnownFileType = sourcecode.swift; path = FeedItemView.swift; sourceTree = "<group>"; };
		84F1B72F2BD9510800AFD7C9 /* Routine.swift */ = {isa = PBXFileReference; lastKnownFileType = sourcecode.swift; path = Routine.swift; sourceTree = "<group>"; };
		84F1B7312BD9514F00AFD7C9 /* RoutineRepositoryProtocol.swift */ = {isa = PBXFileReference; lastKnownFileType = sourcecode.swift; path = RoutineRepositoryProtocol.swift; sourceTree = "<group>"; };
		84F1B7332BD951E000AFD7C9 /* ContentStore.swift */ = {isa = PBXFileReference; lastKnownFileType = sourcecode.swift; path = ContentStore.swift; sourceTree = "<group>"; };
/* End PBXFileReference section */

/* Begin PBXFrameworksBuildPhase section */
		84F1B7172BD733D000AFD7C9 /* Frameworks */ = {
			isa = PBXFrameworksBuildPhase;
			buildActionMask = 2147483647;
			files = (
			);
			runOnlyForDeploymentPostprocessing = 0;
		};
/* End PBXFrameworksBuildPhase section */

/* Begin PBXGroup section */
		84F1B7112BD733D000AFD7C9 = {
			isa = PBXGroup;
			children = (
				84F1B71C2BD733D000AFD7C9 /* RoutineMeter */,
				84F1B71B2BD733D000AFD7C9 /* Products */,
			);
			sourceTree = "<group>";
		};
		84F1B71B2BD733D000AFD7C9 /* Products */ = {
			isa = PBXGroup;
			children = (
				84F1B71A2BD733D000AFD7C9 /* RoutineMeter.app */,
			);
			name = Products;
			sourceTree = "<group>";
		};
		84F1B71C2BD733D000AFD7C9 /* RoutineMeter */ = {
			isa = PBXGroup;
			children = (
				84F1B7352BD951E800AFD7C9 /* UI */,
				84F1B72E2BD950E100AFD7C9 /* Domain */,
				84F1B71D2BD733D000AFD7C9 /* RoutineMeterApp.swift */,
				84F1B7212BD733D400AFD7C9 /* Assets.xcassets */,
				84F1B7232BD733D400AFD7C9 /* RoutineMeter.entitlements */,
				84F1B7242BD733D400AFD7C9 /* Preview Content */,
			);
			path = RoutineMeter;
			sourceTree = "<group>";
		};
		84F1B7242BD733D400AFD7C9 /* Preview Content */ = {
			isa = PBXGroup;
			children = (
				84F1B7252BD733D400AFD7C9 /* Preview Assets.xcassets */,
			);
			path = "Preview Content";
			sourceTree = "<group>";
		};
		84F1B72E2BD950E100AFD7C9 /* Domain */ = {
			isa = PBXGroup;
			children = (
				84F1B72F2BD9510800AFD7C9 /* Routine.swift */,
				84F1B7312BD9514F00AFD7C9 /* RoutineRepositoryProtocol.swift */,
			);
			path = Domain;
			sourceTree = "<group>";
		};
		84F1B7352BD951E800AFD7C9 /* UI */ = {
			isa = PBXGroup;
			children = (
				84F1B7332BD951E000AFD7C9 /* ContentStore.swift */,
				84F1B71F2BD733D000AFD7C9 /* ContentView.swift */,
				84F1B72C2BD7390600AFD7C9 /* FeedItemView.swift */,
			);
			path = UI;
			sourceTree = "<group>";
		};
/* End PBXGroup section */

/* Begin PBXNativeTarget section */
		84F1B7192BD733D000AFD7C9 /* RoutineMeter */ = {
			isa = PBXNativeTarget;
			buildConfigurationList = 84F1B7292BD733D400AFD7C9 /* Build configuration list for PBXNativeTarget "RoutineMeter" */;
			buildPhases = (
				84F1B7162BD733D000AFD7C9 /* Sources */,
				84F1B7172BD733D000AFD7C9 /* Frameworks */,
				84F1B7182BD733D000AFD7C9 /* Resources */,
			);
			buildRules = (
			);
			dependencies = (
			);
			name = RoutineMeter;
			productName = RoutineMeter;
			productReference = 84F1B71A2BD733D000AFD7C9 /* RoutineMeter.app */;
			productType = "com.apple.product-type.application";
		};
/* End PBXNativeTarget section */

/* Begin PBXProject section */
		84F1B7122BD733D000AFD7C9 /* Project object */ = {
			isa = PBXProject;
			attributes = {
				BuildIndependentTargetsInParallel = 1;
				LastSwiftUpdateCheck = 1420;
				LastUpgradeCheck = 1420;
				TargetAttributes = {
					84F1B7192BD733D000AFD7C9 = {
						CreatedOnToolsVersion = 14.2;
					};
				};
			};
			buildConfigurationList = 84F1B7152BD733D000AFD7C9 /* Build configuration list for PBXProject "RoutineMeter" */;
			compatibilityVersion = "Xcode 14.0";
			developmentRegion = en;
			hasScannedForEncodings = 0;
			knownRegions = (
				en,
				Base,
			);
			mainGroup = 84F1B7112BD733D000AFD7C9;
			productRefGroup = 84F1B71B2BD733D000AFD7C9 /* Products */;
			projectDirPath = "";
			projectRoot = "";
			targets = (
				84F1B7192BD733D000AFD7C9 /* RoutineMeter */,
			);
		};
/* End PBXProject section */

/* Begin PBXResourcesBuildPhase section */
		84F1B7182BD733D000AFD7C9 /* Resources */ = {
			isa = PBXResourcesBuildPhase;
			buildActionMask = 2147483647;
			files = (
				84F1B7262BD733D400AFD7C9 /* Preview Assets.xcassets in Resources */,
				84F1B7222BD733D400AFD7C9 /* Assets.xcassets in Resources */,
			);
			runOnlyForDeploymentPostprocessing = 0;
		};
/* End PBXResourcesBuildPhase section */

/* Begin PBXSourcesBuildPhase section */
		84F1B7162BD733D000AFD7C9 /* Sources */ = {
			isa = PBXSourcesBuildPhase;
			buildActionMask = 2147483647;
			files = (
				84F1B7202BD733D000AFD7C9 /* ContentView.swift in Sources */,
				84F1B7342BD951E000AFD7C9 /* ContentStore.swift in Sources */,
				84F1B72D2BD7390600AFD7C9 /* FeedItemView.swift in Sources */,
				84F1B7302BD9510800AFD7C9 /* Routine.swift in Sources */,
				84F1B71E2BD733D000AFD7C9 /* RoutineMeterApp.swift in Sources */,
				84F1B7322BD9514F00AFD7C9 /* RoutineRepositoryProtocol.swift in Sources */,
			);
			runOnlyForDeploymentPostprocessing = 0;
		};
/* End PBXSourcesBuildPhase section */

/* Begin XCBuildConfiguration section */
		84F1B7272BD733D400AFD7C9 /* Debug */ = {
			isa = XCBuildConfiguration;
			buildSettings = {
				ALWAYS_SEARCH_USER_PATHS = NO;
				CLANG_ANALYZER_NONNULL = YES;
				CLANG_ANALYZER_NUMBER_OBJECT_CONVERSION = YES_AGGRESSIVE;
				CLANG_CXX_LANGUAGE_STANDARD = "gnu++20";
				CLANG_ENABLE_MODULES = YES;
				CLANG_ENABLE_OBJC_ARC = YES;
				CLANG_ENABLE_OBJC_WEAK = YES;
				CLANG_WARN_BLOCK_CAPTURE_AUTORELEASING = YES;
				CLANG_WARN_BOOL_CONVERSION = YES;
				CLANG_WARN_COMMA = YES;
				CLANG_WARN_CONSTANT_CONVERSION = YES;
				CLANG_WARN_DEPRECATED_OBJC_IMPLEMENTATIONS = YES;
				CLANG_WARN_DIRECT_OBJC_ISA_USAGE = YES_ERROR;
				CLANG_WARN_DOCUMENTATION_COMMENTS = YES;
				CLANG_WARN_EMPTY_BODY = YES;
				CLANG_WARN_ENUM_CONVERSION = YES;
				CLANG_WARN_INFINITE_RECURSION = YES;
				CLANG_WARN_INT_CONVERSION = YES;
				CLANG_WARN_NON_LITERAL_NULL_CONVERSION = YES;
				CLANG_WARN_OBJC_IMPLICIT_RETAIN_SELF = YES;
				CLANG_WARN_OBJC_LITERAL_CONVERSION = YES;
				CLANG_WARN_OBJC_ROOT_CLASS = YES_ERROR;
				CLANG_WARN_QUOTED_INCLUDE_IN_FRAMEWORK_HEADER = YES;
				CLANG_WARN_RANGE_LOOP_ANALYSIS = YES;
				CLANG_WARN_STRICT_PROTOTYPES = YES;
				CLANG_WARN_SUSPICIOUS_MOVE = YES;
				CLANG_WARN_UNGUARDED_AVAILABILITY = YES_AGGRESSIVE;
				CLANG_WARN_UNREACHABLE_CODE = YES;
				CLANG_WARN__DUPLICATE_METHOD_MATCH = YES;
				COPY_PHASE_STRIP = NO;
				DEBUG_INFORMATION_FORMAT = dwarf;
				ENABLE_STRICT_OBJC_MSGSEND = YES;
				ENABLE_TESTABILITY = YES;
				GCC_C_LANGUAGE_STANDARD = gnu11;
				GCC_DYNAMIC_NO_PIC = NO;
				GCC_NO_COMMON_BLOCKS = YES;
				GCC_OPTIMIZATION_LEVEL = 0;
				GCC_PREPROCESSOR_DEFINITIONS = (
					"DEBUG=1",
					"$(inherited)",
				);
				GCC_WARN_64_TO_32_BIT_CONVERSION = YES;
				GCC_WARN_ABOUT_RETURN_TYPE = YES_ERROR;
				GCC_WARN_UNDECLARED_SELECTOR = YES;
				GCC_WARN_UNINITIALIZED_AUTOS = YES_AGGRESSIVE;
				GCC_WARN_UNUSED_FUNCTION = YES;
				GCC_WARN_UNUSED_VARIABLE = YES;
				MTL_ENABLE_DEBUG_INFO = INCLUDE_SOURCE;
				MTL_FAST_MATH = YES;
				ONLY_ACTIVE_ARCH = YES;
				SWIFT_ACTIVE_COMPILATION_CONDITIONS = DEBUG;
				SWIFT_OPTIMIZATION_LEVEL = "-Onone";
			};
			name = Debug;
		};
		84F1B7282BD733D400AFD7C9 /* Release */ = {
			isa = XCBuildConfiguration;
			buildSettings = {
				ALWAYS_SEARCH_USER_PATHS = NO;
				CLANG_ANALYZER_NONNULL = YES;
				CLANG_ANALYZER_NUMBER_OBJECT_CONVERSION = YES_AGGRESSIVE;
				CLANG_CXX_LANGUAGE_STANDARD = "gnu++20";
				CLANG_ENABLE_MODULES = YES;
				CLANG_ENABLE_OBJC_ARC = YES;
				CLANG_ENABLE_OBJC_WEAK = YES;
				CLANG_WARN_BLOCK_CAPTURE_AUTORELEASING = YES;
				CLANG_WARN_BOOL_CONVERSION = YES;
				CLANG_WARN_COMMA = YES;
				CLANG_WARN_CONSTANT_CONVERSION = YES;
				CLANG_WARN_DEPRECATED_OBJC_IMPLEMENTATIONS = YES;
				CLANG_WARN_DIRECT_OBJC_ISA_USAGE = YES_ERROR;
				CLANG_WARN_DOCUMENTATION_COMMENTS = YES;
				CLANG_WARN_EMPTY_BODY = YES;
				CLANG_WARN_ENUM_CONVERSION = YES;
				CLANG_WARN_INFINITE_RECURSION = YES;
				CLANG_WARN_INT_CONVERSION = YES;
				CLANG_WARN_NON_LITERAL_NULL_CONVERSION = YES;
				CLANG_WARN_OBJC_IMPLICIT_RETAIN_SELF = YES;
				CLANG_WARN_OBJC_LITERAL_CONVERSION = YES;
				CLANG_WARN_OBJC_ROOT_CLASS = YES_ERROR;
				CLANG_WARN_QUOTED_INCLUDE_IN_FRAMEWORK_HEADER = YES;
				CLANG_WARN_RANGE_LOOP_ANALYSIS = YES;
				CLANG_WARN_STRICT_PROTOTYPES = YES;
				CLANG_WARN_SUSPICIOUS_MOVE = YES;
				CLANG_WARN_UNGUARDED_AVAILABILITY = YES_AGGRESSIVE;
				CLANG_WARN_UNREACHABLE_CODE = YES;
				CLANG_WARN__DUPLICATE_METHOD_MATCH = YES;
				COPY_PHASE_STRIP = NO;
				DEBUG_INFORMATION_FORMAT = "dwarf-with-dsym";
				ENABLE_NS_ASSERTIONS = NO;
				ENABLE_STRICT_OBJC_MSGSEND = YES;
				GCC_C_LANGUAGE_STANDARD = gnu11;
				GCC_NO_COMMON_BLOCKS = YES;
				GCC_WARN_64_TO_32_BIT_CONVERSION = YES;
				GCC_WARN_ABOUT_RETURN_TYPE = YES_ERROR;
				GCC_WARN_UNDECLARED_SELECTOR = YES;
				GCC_WARN_UNINITIALIZED_AUTOS = YES_AGGRESSIVE;
				GCC_WARN_UNUSED_FUNCTION = YES;
				GCC_WARN_UNUSED_VARIABLE = YES;
				MTL_ENABLE_DEBUG_INFO = NO;
				MTL_FAST_MATH = YES;
				SWIFT_COMPILATION_MODE = wholemodule;
				SWIFT_OPTIMIZATION_LEVEL = "-O";
			};
			name = Release;
		};
		84F1B72A2BD733D400AFD7C9 /* Debug */ = {
			isa = XCBuildConfiguration;
			buildSettings = {
				ASSETCATALOG_COMPILER_APPICON_NAME = AppIcon;
				ASSETCATALOG_COMPILER_GLOBAL_ACCENT_COLOR_NAME = AccentColor;
				CODE_SIGN_ENTITLEMENTS = RoutineMeter/RoutineMeter.entitlements;
				CODE_SIGN_STYLE = Automatic;
				CURRENT_PROJECT_VERSION = 1;
				DEVELOPMENT_ASSET_PATHS = "\"RoutineMeter/Preview Content\"";
				ENABLE_PREVIEWS = YES;
				GENERATE_INFOPLIST_FILE = YES;
				"INFOPLIST_KEY_UIApplicationSceneManifest_Generation[sdk=iphoneos*]" = YES;
				"INFOPLIST_KEY_UIApplicationSceneManifest_Generation[sdk=iphonesimulator*]" = YES;
				"INFOPLIST_KEY_UIApplicationSupportsIndirectInputEvents[sdk=iphoneos*]" = YES;
				"INFOPLIST_KEY_UIApplicationSupportsIndirectInputEvents[sdk=iphonesimulator*]" = YES;
				"INFOPLIST_KEY_UILaunchScreen_Generation[sdk=iphoneos*]" = YES;
				"INFOPLIST_KEY_UILaunchScreen_Generation[sdk=iphonesimulator*]" = YES;
				"INFOPLIST_KEY_UIStatusBarStyle[sdk=iphoneos*]" = UIStatusBarStyleDefault;
				"INFOPLIST_KEY_UIStatusBarStyle[sdk=iphonesimulator*]" = UIStatusBarStyleDefault;
				INFOPLIST_KEY_UISupportedInterfaceOrientations_iPad = "UIInterfaceOrientationPortrait UIInterfaceOrientationPortraitUpsideDown UIInterfaceOrientationLandscapeLeft UIInterfaceOrientationLandscapeRight";
				INFOPLIST_KEY_UISupportedInterfaceOrientations_iPhone = "UIInterfaceOrientationPortrait UIInterfaceOrientationLandscapeLeft UIInterfaceOrientationLandscapeRight";
				IPHONEOS_DEPLOYMENT_TARGET = 16.2;
				LD_RUNPATH_SEARCH_PATHS = "@executable_path/Frameworks";
				"LD_RUNPATH_SEARCH_PATHS[sdk=macosx*]" = "@executable_path/../Frameworks";
				MACOSX_DEPLOYMENT_TARGET = 12.7;
				MARKETING_VERSION = 1.0;
				PRODUCT_BUNDLE_IDENTIFIER = project.kamui.RoutineMeter;
				PRODUCT_NAME = "$(TARGET_NAME)";
				SDKROOT = auto;
				SUPPORTED_PLATFORMS = "iphoneos iphonesimulator macosx";
				SWIFT_EMIT_LOC_STRINGS = YES;
				SWIFT_VERSION = 5.0;
				TARGETED_DEVICE_FAMILY = "1,2";
			};
			name = Debug;
		};
		84F1B72B2BD733D400AFD7C9 /* Release */ = {
			isa = XCBuildConfiguration;
			buildSettings = {
				ASSETCATALOG_COMPILER_APPICON_NAME = AppIcon;
				ASSETCATALOG_COMPILER_GLOBAL_ACCENT_COLOR_NAME = AccentColor;
				CODE_SIGN_ENTITLEMENTS = RoutineMeter/RoutineMeter.entitlements;
				CODE_SIGN_STYLE = Automatic;
				CURRENT_PROJECT_VERSION = 1;
				DEVELOPMENT_ASSET_PATHS = "\"RoutineMeter/Preview Content\"";
				ENABLE_PREVIEWS = YES;
				GENERATE_INFOPLIST_FILE = YES;
				"INFOPLIST_KEY_UIApplicationSceneManifest_Generation[sdk=iphoneos*]" = YES;
				"INFOPLIST_KEY_UIApplicationSceneManifest_Generation[sdk=iphonesimulator*]" = YES;
				"INFOPLIST_KEY_UIApplicationSupportsIndirectInputEvents[sdk=iphoneos*]" = YES;
				"INFOPLIST_KEY_UIApplicationSupportsIndirectInputEvents[sdk=iphonesimulator*]" = YES;
				"INFOPLIST_KEY_UILaunchScreen_Generation[sdk=iphoneos*]" = YES;
				"INFOPLIST_KEY_UILaunchScreen_Generation[sdk=iphonesimulator*]" = YES;
				"INFOPLIST_KEY_UIStatusBarStyle[sdk=iphoneos*]" = UIStatusBarStyleDefault;
				"INFOPLIST_KEY_UIStatusBarStyle[sdk=iphonesimulator*]" = UIStatusBarStyleDefault;
				INFOPLIST_KEY_UISupportedInterfaceOrientations_iPad = "UIInterfaceOrientationPortrait UIInterfaceOrientationPortraitUpsideDown UIInterfaceOrientationLandscapeLeft UIInterfaceOrientationLandscapeRight";
				INFOPLIST_KEY_UISupportedInterfaceOrientations_iPhone = "UIInterfaceOrientationPortrait UIInterfaceOrientationLandscapeLeft UIInterfaceOrientationLandscapeRight";
				IPHONEOS_DEPLOYMENT_TARGET = 16.2;
				LD_RUNPATH_SEARCH_PATHS = "@executable_path/Frameworks";
				"LD_RUNPATH_SEARCH_PATHS[sdk=macosx*]" = "@executable_path/../Frameworks";
				MACOSX_DEPLOYMENT_TARGET = 12.7;
				MARKETING_VERSION = 1.0;
				PRODUCT_BUNDLE_IDENTIFIER = project.kamui.RoutineMeter;
				PRODUCT_NAME = "$(TARGET_NAME)";
				SDKROOT = auto;
				SUPPORTED_PLATFORMS = "iphoneos iphonesimulator macosx";
				SWIFT_EMIT_LOC_STRINGS = YES;
				SWIFT_VERSION = 5.0;
				TARGETED_DEVICE_FAMILY = "1,2";
			};
			name = Release;
		};
/* End XCBuildConfiguration section */

/* Begin XCConfigurationList section */
		84F1B7152BD733D000AFD7C9 /* Build configuration list for PBXProject "RoutineMeter" */ = {
			isa = XCConfigurationList;
			buildConfigurations = (
				84F1B7272BD733D400AFD7C9 /* Debug */,
				84F1B7282BD733D400AFD7C9 /* Release */,
			);
			defaultConfigurationIsVisible = 0;
			defaultConfigurationName = Release;
		};
		84F1B7292BD733D400AFD7C9 /* Build configuration list for PBXNativeTarget "RoutineMeter" */ = {
			isa = XCConfigurationList;
			buildConfigurations = (
				84F1B72A2BD733D400AFD7C9 /* Debug */,
				84F1B72B2BD733D400AFD7C9 /* Release */,
			);
			defaultConfigurationIsVisible = 0;
			defaultConfigurationName = Release;
		};
/* End XCConfigurationList section */
	};
	rootObject = 84F1B7122BD733D000AFD7C9 /* Project object */;
}
